{
  "nodes": {
    "flake-utils": {
      "locked": {
        "lastModified": 1605370193,
        "narHash": "sha256-YyMTf3URDL/otKdKgtoMChu4vfVL3vCMkRqpGifhUn0=",
        "owner": "numtide",
        "repo": "flake-utils",
        "rev": "5021eac20303a61fafe17224c087f5519baed54d",
        "type": "github"
      },
      "original": {
        "owner": "numtide",
        "repo": "flake-utils",
        "type": "github"
      }
    },
    "lowdown-src": {
      "flake": false,
      "locked": {
        "lastModified": 1598695561,
        "narHash": "sha256-gyH/5j+h/nWw0W8AcR2WKvNBUsiQ7QuxqSJNXAwV+8E=",
        "owner": "kristapsdz",
        "repo": "lowdown",
        "rev": "1705b4a26fbf065d9574dce47a94e8c7c79e052f",
        "type": "github"
      },
      "original": {
        "owner": "kristapsdz",
        "repo": "lowdown",
        "type": "github"
      }
    },
    "mdBook": {
      "flake": false,
      "locked": {
        "lastModified": 1604075551,
        "narHash": "sha256-+8jZBoGd8Rts0U1gNgN2tngRbf+amgLyJG5pSniGpZk=",
        "owner": "leanprover",
        "repo": "mdBook",
        "rev": "2320d15253555b971166c500d6414bb2e5fed072",
        "type": "github"
      },
      "original": {
        "owner": "leanprover",
        "repo": "mdBook",
        "type": "github"
      }
    },
    "nix": {
      "inputs": {
        "lowdown-src": "lowdown-src",
        "nixpkgs": "nixpkgs"
      },
      "locked": {
        "lastModified": 1605624824,
        "narHash": "sha256-hJnqMzKKHjVrOTanOdb74kokOV/k5yFuQO2c2Jkm51A=",
        "owner": "NixOS",
        "repo": "nix",
        "rev": "ae3191666f1828d9694fb615a721d409fb8582bd",
        "type": "github"
      },
      "original": {
        "owner": "NixOS",
        "repo": "nix",
        "type": "github"
      }
    },
    "nixpkgs": {
      "locked": {
        "lastModified": 1602702596,
        "narHash": "sha256-fqJ4UgOb4ZUnCDIapDb4gCrtAah5Rnr2/At3IzMitig=",
        "owner": "NixOS",
        "repo": "nixpkgs",
        "rev": "ad0d20345219790533ebe06571f82ed6b034db31",
        "type": "github"
      },
      "original": {
        "id": "nixpkgs",
        "ref": "nixos-20.09-small",
        "type": "indirect"
      }
    },
    "nixpkgs_2": {
      "locked": {
        "lastModified": 1600913051,
        "narHash": "sha256-9PDPLwaZ/QzafO3M/yCeGWraI20fJNnGz7nzAfZsDes=",
        "owner": "NixOS",
        "repo": "nixpkgs",
        "rev": "dfd2eeabd6e1be22676dac26854a2de21c3d4c87",
        "type": "github"
      },
      "original": {
        "owner": "NixOS",
        "ref": "nixpkgs-unstable",
        "repo": "nixpkgs",
        "type": "github"
      }
    },
    "root": {
      "inputs": {
        "flake-utils": "flake-utils",
        "mdBook": "mdBook",
        "nix": "nix",
        "nixpkgs": "nixpkgs_2",
        "temci": "temci"
      }
    },
    "temci": {
      "flake": false,
      "locked": {
        "lastModified": 1605533625,
        "narHash": "sha256-ndP2SzBX+/aupoZbWocQGefImSu+BN9zW7SYOFIP6AQ=",
        "owner": "parttimenerd",
        "repo": "temci",
        "rev": "e6936f61f11bd7a57078049dd6ba2b3cb2ce6e5a",
        "type": "github"
      },
      "original": {
        "owner": "parttimenerd",
        "repo": "temci",
        "type": "github"
      }
    }
  },
  "root": "root",
  "version": 7
}
