{
  "nodes": {
    "alectryon": {
      "flake": false,
      "locked": {
        "lastModified": 1654613606,
        "narHash": "sha256-IGCn1PzTyw8rrwmyWUiw3Jo/dyZVGkMslnHYW7YB8yk=",
        "owner": "Kha",
        "repo": "alectryon",
        "rev": "c3b16f650665745e1da4ddfcc048d3bd639f71d5",
        "type": "github"
      },
      "original": {
        "owner": "Kha",
        "ref": "typeid",
        "repo": "alectryon",
        "type": "github"
      }
    },
    "flake-utils": {
      "inputs": {
        "systems": "systems"
      },
      "locked": {
        "lastModified": 1710146030,
        "narHash": "sha256-SZ5L6eA7HJ/nmkzGG7/ISclqe6oZdOZTNoesiInkXPQ=",
        "owner": "numtide",
        "repo": "flake-utils",
        "rev": "b1d9ab70662946ef0850d488da1c9019f3a9752a",
        "type": "github"
      },
      "original": {
        "owner": "numtide",
        "repo": "flake-utils",
        "type": "github"
      }
    },
    "lean": {
      "inputs": {
        "flake-utils": "flake-utils",
        "nixpkgs": "nixpkgs",
        "nixpkgs-old": "nixpkgs-old"
      },
      "locked": {
        "lastModified": 0,
        "narHash": "sha256-saRAtQ6VautVXKDw1XH35qwP0KEBKTKZbg/TRa4N9Vw=",
        "path": "../.",
        "type": "path"
      },
      "original": {
        "path": "../.",
        "type": "path"
      }
    },
    "leanInk": {
      "flake": false,
      "locked": {
        "lastModified": 1704976501,
        "narHash": "sha256-FSBUsbX0HxakSnYRYzRBDN2YKmH9EkA0q9p7TSPEJTI=",
        "owner": "leanprover",
        "repo": "LeanInk",
        "rev": "51821e3c2c032c88e4b2956483899d373ec090c4",
        "type": "github"
      },
      "original": {
        "owner": "leanprover",
        "ref": "refs/pull/57/merge",
        "repo": "LeanInk",
        "type": "github"
      }
    },
    "mdBook": {
      "flake": false,
      "locked": {
        "lastModified": 1660074464,
        "narHash": "sha256-W30G7AeWBjdJE/CQZJU5vJjaDGZtpmxEKNMEvaYtuF8=",
        "owner": "leanprover",
        "repo": "mdBook",
        "rev": "9321c10c502cd59eea8afc4325a84eab3ddf9391",
        "type": "github"
      },
      "original": {
        "owner": "leanprover",
        "repo": "mdBook",
        "type": "github"
      }
    },
    "nixpkgs": {
      "locked": {
        "lastModified": 1710889954,
        "narHash": "sha256-Pr6F5Pmd7JnNEMHHmspZ0qVqIBVxyZ13ik1pJtm2QXk=",
        "owner": "NixOS",
        "repo": "nixpkgs",
        "rev": "7872526e9c5332274ea5932a0c3270d6e4724f3b",
        "type": "github"
      },
      "original": {
        "owner": "NixOS",
        "ref": "nixpkgs-unstable",
        "repo": "nixpkgs",
        "type": "github"
      }
    },
    "nixpkgs-old": {
      "flake": false,
      "locked": {
        "lastModified": 1581379743,
        "narHash": "sha256-i1XCn9rKuLjvCdu2UeXKzGLF6IuQePQKFt4hEKRU5oc=",
        "owner": "NixOS",
        "repo": "nixpkgs",
        "rev": "34c7eb7545d155cc5b6f499b23a7cb1c96ab4d59",
        "type": "github"
      },
      "original": {
        "owner": "NixOS",
        "ref": "nixos-19.03",
        "repo": "nixpkgs",
        "type": "github"
      }
    },
    "root": {
      "inputs": {
        "alectryon": "alectryon",
        "flake-utils": [
          "lean",
          "flake-utils"
        ],
        "lean": "lean",
        "leanInk": "leanInk",
        "mdBook": "mdBook"
      }
    },
    "systems": {
      "locked": {
        "lastModified": 1681028828,
        "narHash": "sha256-Vy1rq5AaRuLzOxct8nz4T6wlgyUR7zLU309k9mBC768=",
        "owner": "nix-systems",
        "repo": "default",
        "rev": "da67096a3b9bf56a91d16901293e51ba5b49a27e",
        "type": "github"
      },
      "original": {
        "owner": "nix-systems",
        "repo": "default",
        "type": "github"
      }
    }
  },
  "root": "root",
  "version": 7
}
