{
  "nodes": {
    "alectryon": {
      "flake": false,
      "locked": {
        "lastModified": 1654613606,
        "narHash": "sha256-IGCn1PzTyw8rrwmyWUiw3Jo/dyZVGkMslnHYW7YB8yk=",
        "owner": "Kha",
        "repo": "alectryon",
        "rev": "c3b16f650665745e1da4ddfcc048d3bd639f71d5",
        "type": "github"
      },
      "original": {
        "owner": "Kha",
        "ref": "typeid",
        "repo": "alectryon",
        "type": "github"
      }
    },
    "flake-utils": {
      "locked": {
        "lastModified": 1644229661,
        "narHash": "sha256-1YdnJAsNy69bpcjuoKdOYQX0YxZBiCYZo4Twxerqv7k=",
        "owner": "numtide",
        "repo": "flake-utils",
        "rev": "3cecb5b042f7f209c56ffd8371b2711a290ec797",
        "type": "github"
      },
      "original": {
        "owner": "numtide",
        "repo": "flake-utils",
        "type": "github"
      }
    },
    "lean": {
      "inputs": {
        "flake-utils": "flake-utils",
        "lean-stage0": "lean-stage0",
        "lean4-mode": "lean4-mode",
        "nix": "nix",
        "nixpkgs": "nixpkgs_2"
      },
      "locked": {
        "lastModified": 0,
        "narHash": "sha256-AfBkKX6Ahb9YbZke+eWLmsUk1Z9BwdJ1CpIoPY8Msx8=",
        "path": "../.",
        "type": "path"
      },
      "original": {
        "path": "../.",
        "type": "path"
      }
    },
    "lean-stage0": {
      "locked": {
        "lastModified": 0,
        "narHash": "sha256-3K/43lSW4WIHNG+HHVKCD1odS63mHuaQ4ueHyTIkcls=",
        "owner": "leanprover",
        "repo": "lean4",
        "rev": "0000000000000000000000000000000000000000",
        "type": "github"
      },
      "original": {
        "owner": "leanprover",
        "repo": "lean4",
        "type": "github"
      }
    },
    "lean4-mode": {
      "flake": false,
      "locked": {
        "lastModified": 1647694750,
        "narHash": "sha256-0rV61KhevG9IAjZDN2Ts2VS65fiUAPAezbf282u7yy8=",
        "owner": "leanprover",
        "repo": "lean4-mode",
        "rev": "c016c7aeee92564836355083664c49ed57024427",
        "type": "github"
      },
      "original": {
        "owner": "leanprover",
        "repo": "lean4-mode",
        "type": "github"
      }
    },
    "leanInk": {
      "flake": false,
      "locked": {
        "lastModified": 1656863690,
        "narHash": "sha256-9tmynTTeJGhYZaltS4xhSJgLTpe7Ta1ofV6U1SA/5V4=",
        "owner": "leanprover",
        "repo": "LeanInk",
        "rev": "4b5e606ea8cc54c2447ce48706f8ec1d133d19e9",
        "type": "github"
      },
      "original": {
        "owner": "leanprover",
        "repo": "LeanInk",
        "type": "github"
      }
    },
    "lowdown-src": {
      "flake": false,
      "locked": {
        "lastModified": 1633514407,
        "narHash": "sha256-Dw32tiMjdK9t3ETl5fzGrutQTzh2rufgZV4A/BbxuD4=",
        "owner": "kristapsdz",
        "repo": "lowdown",
        "rev": "d2c2b44ff6c27b936ec27358a2653caaef8f73b8",
        "type": "github"
      },
      "original": {
        "owner": "kristapsdz",
        "repo": "lowdown",
        "type": "github"
      }
    },
    "mdBook": {
      "flake": false,
      "locked": {
        "lastModified": 1660074464,
        "narHash": "sha256-W30G7AeWBjdJE/CQZJU5vJjaDGZtpmxEKNMEvaYtuF8=",
        "owner": "leanprover",
        "repo": "mdBook",
        "rev": "9321c10c502cd59eea8afc4325a84eab3ddf9391",
        "type": "github"
      },
      "original": {
        "owner": "leanprover",
        "repo": "mdBook",
        "type": "github"
      }
    },
    "nix": {
      "inputs": {
        "lowdown-src": "lowdown-src",
        "nixpkgs": "nixpkgs",
        "nixpkgs-regression": "nixpkgs-regression"
      },
      "locked": {
        "lastModified": 1648022028,
        "narHash": "sha256-HtwmifW6STPcym+3uJ4YavgTKTYVIoiQHg3f0wXOm+Q=",
        "owner": "NixOS",
        "repo": "nix",
        "rev": "98ce1a21b7d959c5575fac566c8699e91703a9f7",
        "type": "github"
      },
      "original": {
        "owner": "NixOS",
        "repo": "nix",
        "type": "github"
      }
    },
    "nixpkgs": {
      "locked": {
        "lastModified": 1632864508,
        "narHash": "sha256-d127FIvGR41XbVRDPVvozUPQ/uRHbHwvfyKHwEt5xFM=",
        "owner": "NixOS",
        "repo": "nixpkgs",
        "rev": "82891b5e2c2359d7e58d08849e4c89511ab94234",
        "type": "github"
      },
      "original": {
        "id": "nixpkgs",
        "ref": "nixos-21.05-small",
        "type": "indirect"
      }
    },
    "nixpkgs-regression": {
      "locked": {
        "lastModified": 1643052045,
        "narHash": "sha256-uGJ0VXIhWKGXxkeNnq4TvV3CIOkUJ3PAoLZ3HMzNVMw=",
        "owner": "NixOS",
        "repo": "nixpkgs",
        "rev": "215d4d0fd80ca5163643b03a33fde804a29cc1e2",
        "type": "github"
      },
      "original": {
        "id": "nixpkgs",
        "rev": "215d4d0fd80ca5163643b03a33fde804a29cc1e2",
        "type": "indirect"
      }
    },
    "nixpkgs_2": {
      "locked": {
        "lastModified": 1648219316,
        "narHash": "sha256-Ctij+dOi0ZZIfX5eMhgwugfvB+WZSrvVNAyAuANOsnQ=",
        "owner": "NixOS",
        "repo": "nixpkgs",
        "rev": "30d3d79b7d3607d56546dd2a6b49e156ba0ec634",
        "type": "github"
      },
      "original": {
        "owner": "NixOS",
        "ref": "nixpkgs-unstable",
        "repo": "nixpkgs",
        "type": "github"
      }
    },
    "root": {
      "inputs": {
        "alectryon": "alectryon",
        "flake-utils": [
          "lean",
          "flake-utils"
        ],
        "lean": "lean",
        "leanInk": "leanInk",
        "mdBook": "mdBook"
      }
    }
  },
  "root": "root",
  "version": 7
}
